
Microsoft Visual Studio Solution File, Format Version 12.00
# Visual Studio Version 16
VisualStudioVersion = 16.0.28803.352
MinimumVisualStudioVersion = 15.0.26124.0
Project("{2150E333-8FDC-42A3-9474-1A3956D46DE8}") = "src", "src", "{EE1258BD-3422-4F55-B9CF-B4D6C95DAD68}"
EndProject
Project("{2150E333-8FDC-42A3-9474-1A3956D46DE8}") = "test", "test", "{D1907D86-8FFC-4178-A3DB-0ADBDD282C64}"
EndProject
Project("{2150E333-8FDC-42A3-9474-1A3956D46DE8}") = "Solution Items", "Solution Items", "{0C4F0391-8A5A-4225-B356-01EFA94672AB}"
	ProjectSection(SolutionItems) = preProject
		appveyor.yml = appveyor.yml
		build.cake = build.cake
		Directory.Build.props = Directory.Build.props
		README.md = README.md
		releasenotes.props = releasenotes.props
		version.props = version.props
	EndProjectSection
EndProject
Project("{FAE04EC0-301F-11D3-BF4B-00C04F79EFBC}") = "StronglyTypedIds", "src\StronglyTypedIds\StronglyTypedIds.csproj", "{9C0F3A36-ED47-4D0F-B736-EFC559C9E2DA}"
EndProject
Project("{FAE04EC0-301F-11D3-BF4B-00C04F79EFBC}") = "StronglyTypedIds.Tests", "test\StronglyTypedIds.Tests\StronglyTypedIds.Tests.csproj", "{00B5ED3F-827D-41CD-9AF2-A9A20A6604E1}"
EndProject
Project("{FAE04EC0-301F-11D3-BF4B-00C04F79EFBC}") = "StronglyTypedIds.IntegrationTests", "test\StronglyTypedIds.IntegrationTests\StronglyTypedIds.IntegrationTests.csproj", "{09F7364F-8CE9-4E9D-9BB7-B4CEBF682904}"
EndProject
Project("{9A19103F-16F7-4668-BE54-9A1E7A4F7556}") = "_build", "build\_build.csproj", "{E13FB452-2D47-4719-8BAA-7B695D79AF3A}"
EndProject
Global
	GlobalSection(SolutionConfigurationPlatforms) = preSolution
		Debug|Any CPU = Debug|Any CPU
		Debug|x64 = Debug|x64
		Debug|x86 = Debug|x86
		Release|Any CPU = Release|Any CPU
		Release|x64 = Release|x64
		Release|x86 = Release|x86
	EndGlobalSection
	GlobalSection(ProjectConfigurationPlatforms) = postSolution
		{E13FB452-2D47-4719-8BAA-7B695D79AF3A}.Debug|Any CPU.ActiveCfg = Debug|Any CPU
		{E13FB452-2D47-4719-8BAA-7B695D79AF3A}.Release|Any CPU.ActiveCfg = Release|Any CPU
		{9C0F3A36-ED47-4D0F-B736-EFC559C9E2DA}.Debug|Any CPU.ActiveCfg = Debug|Any CPU
		{9C0F3A36-ED47-4D0F-B736-EFC559C9E2DA}.Debug|Any CPU.Build.0 = Debug|Any CPU
		{9C0F3A36-ED47-4D0F-B736-EFC559C9E2DA}.Debug|x64.ActiveCfg = Debug|Any CPU
		{9C0F3A36-ED47-4D0F-B736-EFC559C9E2DA}.Debug|x64.Build.0 = Debug|Any CPU
		{9C0F3A36-ED47-4D0F-B736-EFC559C9E2DA}.Debug|x86.ActiveCfg = Debug|Any CPU
		{9C0F3A36-ED47-4D0F-B736-EFC559C9E2DA}.Debug|x86.Build.0 = Debug|Any CPU
		{9C0F3A36-ED47-4D0F-B736-EFC559C9E2DA}.Release|Any CPU.ActiveCfg = Release|Any CPU
		{9C0F3A36-ED47-4D0F-B736-EFC559C9E2DA}.Release|Any CPU.Build.0 = Release|Any CPU
		{9C0F3A36-ED47-4D0F-B736-EFC559C9E2DA}.Release|x64.ActiveCfg = Release|Any CPU
		{9C0F3A36-ED47-4D0F-B736-EFC559C9E2DA}.Release|x64.Build.0 = Release|Any CPU
		{9C0F3A36-ED47-4D0F-B736-EFC559C9E2DA}.Release|x86.ActiveCfg = Release|Any CPU
		{9C0F3A36-ED47-4D0F-B736-EFC559C9E2DA}.Release|x86.Build.0 = Release|Any CPU
		{00B5ED3F-827D-41CD-9AF2-A9A20A6604E1}.Debug|Any CPU.ActiveCfg = Debug|Any CPU
		{00B5ED3F-827D-41CD-9AF2-A9A20A6604E1}.Debug|Any CPU.Build.0 = Debug|Any CPU
		{00B5ED3F-827D-41CD-9AF2-A9A20A6604E1}.Debug|x64.ActiveCfg = Debug|Any CPU
		{00B5ED3F-827D-41CD-9AF2-A9A20A6604E1}.Debug|x64.Build.0 = Debug|Any CPU
		{00B5ED3F-827D-41CD-9AF2-A9A20A6604E1}.Debug|x86.ActiveCfg = Debug|Any CPU
		{00B5ED3F-827D-41CD-9AF2-A9A20A6604E1}.Debug|x86.Build.0 = Debug|Any CPU
		{00B5ED3F-827D-41CD-9AF2-A9A20A6604E1}.Release|Any CPU.ActiveCfg = Release|Any CPU
		{00B5ED3F-827D-41CD-9AF2-A9A20A6604E1}.Release|Any CPU.Build.0 = Release|Any CPU
		{00B5ED3F-827D-41CD-9AF2-A9A20A6604E1}.Release|x64.ActiveCfg = Release|Any CPU
		{00B5ED3F-827D-41CD-9AF2-A9A20A6604E1}.Release|x64.Build.0 = Release|Any CPU
		{00B5ED3F-827D-41CD-9AF2-A9A20A6604E1}.Release|x86.ActiveCfg = Release|Any CPU
		{00B5ED3F-827D-41CD-9AF2-A9A20A6604E1}.Release|x86.Build.0 = Release|Any CPU
		{09F7364F-8CE9-4E9D-9BB7-B4CEBF682904}.Debug|Any CPU.ActiveCfg = Debug|Any CPU
		{09F7364F-8CE9-4E9D-9BB7-B4CEBF682904}.Debug|Any CPU.Build.0 = Debug|Any CPU
		{09F7364F-8CE9-4E9D-9BB7-B4CEBF682904}.Debug|x64.ActiveCfg = Debug|Any CPU
		{09F7364F-8CE9-4E9D-9BB7-B4CEBF682904}.Debug|x64.Build.0 = Debug|Any CPU
		{09F7364F-8CE9-4E9D-9BB7-B4CEBF682904}.Debug|x86.ActiveCfg = Debug|Any CPU
		{09F7364F-8CE9-4E9D-9BB7-B4CEBF682904}.Debug|x86.Build.0 = Debug|Any CPU
		{09F7364F-8CE9-4E9D-9BB7-B4CEBF682904}.Release|Any CPU.ActiveCfg = Release|Any CPU
		{09F7364F-8CE9-4E9D-9BB7-B4CEBF682904}.Release|Any CPU.Build.0 = Release|Any CPU
		{09F7364F-8CE9-4E9D-9BB7-B4CEBF682904}.Release|x64.ActiveCfg = Release|Any CPU
		{09F7364F-8CE9-4E9D-9BB7-B4CEBF682904}.Release|x64.Build.0 = Release|Any CPU
		{09F7364F-8CE9-4E9D-9BB7-B4CEBF682904}.Release|x86.ActiveCfg = Release|Any CPU
		{09F7364F-8CE9-4E9D-9BB7-B4CEBF682904}.Release|x86.Build.0 = Release|Any CPU
	EndGlobalSection
	GlobalSection(SolutionProperties) = preSolution
		HideSolutionNode = FALSE
	EndGlobalSection
	GlobalSection(NestedProjects) = preSolution
		{9C0F3A36-ED47-4D0F-B736-EFC559C9E2DA} = {EE1258BD-3422-4F55-B9CF-B4D6C95DAD68}
		{00B5ED3F-827D-41CD-9AF2-A9A20A6604E1} = {D1907D86-8FFC-4178-A3DB-0ADBDD282C64}
		{09F7364F-8CE9-4E9D-9BB7-B4CEBF682904} = {D1907D86-8FFC-4178-A3DB-0ADBDD282C64}
	EndGlobalSection
	GlobalSection(ExtensibilityGlobals) = postSolution
		SolutionGuid = {8D1F0534-B8AD-4CFA-9C14-CBC757BCB1E1}
	EndGlobalSection
EndGlobal
